{
  "name": "@lava.ts/project",
  "version": "0.0.1-0",
  "lockfileVersion": 3,
  "requires": true,
  "packages": {
    "": {
      "name": "@lava.ts/project",
      "version": "0.0.1-0",
      "license": "BSD-3-Clause",
      "dependencies": {
        "@lava.ts/serializable": "^0.1.1"
      }
    },
    "node_modules/@lava.ts/serializable": {
      "version": "0.1.1",
      "resolved": "https://registry.npmjs.org/@lava.ts/serializable/-/serializable-0.1.1.tgz",
      "integrity": "sha512-kXr1GuPkLxMPnvF0sUZs3Y+VMHxmaphpRS7DmNFrKd9JR999ZSmoHG6gKzWnbCrxJU/b7xMEsc2c6SW0LWiHmQ==",
      "license": "BSD-3-Clause"
    }
  }
}
